{
    "_readme": [
        "This file locks the dependencies of your project to a known state",
        "Read more about it at https://getcomposer.org/doc/01-basic-usage.md#installing-dependencies",
        "This file is @generated automatically"
    ],
    "content-hash": "6dbd5f270ea1be3138029992c098e2ba",
    "packages": [
        {
            "name": "dashifen/debugging",
            "version": "1.0.1",
            "source": {
                "type": "git",
                "url": "https://github.com/dashifen/debugging.git",
                "reference": "6898e2ab451b4e6d8e3825d65223181c8351eaa2"
            },
            "dist": {
                "type": "zip",
                "url": "https://api.github.com/repos/dashifen/debugging/zipball/6898e2ab451b4e6d8e3825d65223181c8351eaa2",
                "reference": "6898e2ab451b4e6d8e3825d65223181c8351eaa2",
                "shasum": ""
            },
            "type": "library",
            "autoload": {
                "psr-4": {
                    "Dashifen\\Debugging\\": "src"
                }
            },
            "notification-url": "https://packagist.org/downloads/",
            "license": [
                "MIT"
            ],
            "authors": [
                {
                    "name": "David Dashifen Kees",
                    "email": "dashifen@dashifen.com",
                    "role": "developer"
                }
            ],
            "description": "A PHP Trait that defines static methods used for on-screen debugging.",
            "support": {
                "issues": "https://github.com/dashifen/debugging/issues",
                "source": "https://github.com/dashifen/debugging/tree/1.0.1"
            },
            "time": "2020-12-09T19:27:09+00:00"
        },
        {
            "name": "dashifen/exception",
            "version": "1.2.0",
            "source": {
                "type": "git",
                "url": "https://github.com/dashifen/exception.git",
                "reference": "e795e1d973e9f781eb3a8371b6299c852eef9bc1"
            },
            "dist": {
                "type": "zip",
                "url": "https://api.github.com/repos/dashifen/exception/zipball/e795e1d973e9f781eb3a8371b6299c852eef9bc1",
                "reference": "e795e1d973e9f781eb3a8371b6299c852eef9bc1",
                "shasum": ""
            },
            "require": {
                "php": ">=7.3"
            },
            "type": "library",
            "autoload": {
                "psr-4": {
                    "Dashifen\\Exception\\": "src/"
                }
            },
            "notification-url": "https://packagist.org/downloads/",
            "license": [
                "MIT"
            ],
            "authors": [
                {
                    "name": "David Dashifen Kees",
                    "email": "dashifen@dashifen.com",
                    "homepage": "https://dashifen.com",
                    "role": "developer"
                }
            ],
            "description": "a base class for exceptions in Dashifen's other work",
            "support": {
                "issues": "https://github.com/dashifen/exception/issues",
                "source": "https://github.com/dashifen/exception/tree/1.2.0"
            },
            "time": "2019-12-12T14:26:49+00:00"
        },
        {
            "name": "dashifen/repository",
            "version": "3.0.0",
            "source": {
                "type": "git",
                "url": "https://github.com/dashifen/repository.git",
                "reference": "83ce68039cc5c0cae1c35c3da80d9d3e23b57d37"
            },
            "dist": {
                "type": "zip",
                "url": "https://api.github.com/repos/dashifen/repository/zipball/83ce68039cc5c0cae1c35c3da80d9d3e23b57d37",
                "reference": "83ce68039cc5c0cae1c35c3da80d9d3e23b57d37",
                "shasum": ""
            },
            "require": {
                "dashifen/exception": "^1",
                "ext-json": "*",
                "php": ">=7.4"
            },
            "type": "library",
            "autoload": {
                "psr-4": {
                    "Dashifen\\Repository\\": "src"
                }
            },
            "notification-url": "https://packagist.org/downloads/",
            "license": [
                "WTFPL"
            ],
            "authors": [
                {
                    "name": "David Dashifen Kees",
                    "email": "dashifen@dashifen.com",
                    "role": "developer"
                }
            ],
            "description": "An object with read-only protected properties from which other objects can be extened.",
            "support": {
                "issues": "https://github.com/dashifen/repository/issues",
                "source": "https://github.com/dashifen/repository/tree/master"
            },
            "time": "2020-07-29T15:21:59+00:00"
        },
        {
            "name": "dashifen/wp-debugging",
            "version": "1.0.1",
            "source": {
                "type": "git",
                "url": "https://github.com/dashifen/wp-debugging.git",
                "reference": "aa461ad9c36283466bd120660ff7a7c68eb521b0"
            },
            "dist": {
                "type": "zip",
                "url": "https://api.github.com/repos/dashifen/wp-debugging/zipball/aa461ad9c36283466bd120660ff7a7c68eb521b0",
                "reference": "aa461ad9c36283466bd120660ff7a7c68eb521b0",
                "shasum": ""
            },
            "require": {
                "dashifen/debugging": "^1.0"
            },
            "type": "library",
            "autoload": {
                "psr-4": {
                    "Dashifen\\WPDebugging\\": "src"
                }
            },
            "notification-url": "https://packagist.org/downloads/",
            "license": [
                "proprietary"
            ],
            "authors": [
                {
                    "name": "David Dashifen Kees",
                    "email": "dashifen@dashifen.com",
                    "role": "developer"
                }
            ],
            "description": "A PHP trait that can be used by other objects for on-screen debugging within a WordPress environment.",
            "support": {
                "issues": "https://github.com/dashifen/wp-debugging/issues",
                "source": "https://github.com/dashifen/wp-debugging/tree/1.0.1"
            },
            "time": "2020-12-09T19:29:51+00:00"
        }
    ],
    "packages-dev": [],
    "aliases": [],
    "minimum-stability": "stable",
    "stability-flags": [],
    "prefer-stable": false,
    "prefer-lowest": false,
    "platform": {
        "php": ">=7.4"
    },
    "platform-dev": [],
    "plugin-api-version": "2.0.0"
}
